
Microsoft Visual Studio Solution File, Format Version 12.00
# Visual Studio 2015
Project("{FAE04EC0-301F-11D3-BF4B-00C04F79EFBC}") = "Modern Time (J)RPG.Plugins", "Modern Time (J)RPG.Plugins.csproj", "{6101E0B6-00AB-9821-128D-C32127FC22C4}"
EndProject
Project("{FAE04EC0-301F-11D3-BF4B-00C04F79EFBC}") = "Modern Time (J)RPG", "Modern Time (J)RPG.csproj", "{F19C1AA3-C1EB-A0B4-EEB0-B930E89ECCE7}"
EndProject
Project("{FAE04EC0-301F-11D3-BF4B-00C04F79EFBC}") = "Modern Time (J)RPG.Editor.Plugins", "Modern Time (J)RPG.Editor.Plugins.csproj", "{21FB7D72-F96F-971F-7B46-CF91CD2D664C}"
EndProject
Project("{FAE04EC0-301F-11D3-BF4B-00C04F79EFBC}") = "Modern Time (J)RPG.Editor", "Modern Time (J)RPG.Editor.csproj", "{D7410727-BAB7-903D-FA55-806FDBDE483A}"
EndProject
Global
	GlobalSection(SolutionConfigurationPlatforms) = preSolution
		Debug|Any CPU = Debug|Any CPU
		Release|Any CPU = Release|Any CPU
	EndGlobalSection
	GlobalSection(ProjectConfigurationPlatforms) = postSolution
		{6101E0B6-00AB-9821-128D-C32127FC22C4}.Debug|Any CPU.ActiveCfg = Debug|Any CPU
		{6101E0B6-00AB-9821-128D-C32127FC22C4}.Debug|Any CPU.Build.0 = Debug|Any CPU
		{6101E0B6-00AB-9821-128D-C32127FC22C4}.Release|Any CPU.ActiveCfg = Release|Any CPU
		{6101E0B6-00AB-9821-128D-C32127FC22C4}.Release|Any CPU.Build.0 = Release|Any CPU
		{F19C1AA3-C1EB-A0B4-EEB0-B930E89ECCE7}.Debug|Any CPU.ActiveCfg = Debug|Any CPU
		{F19C1AA3-C1EB-A0B4-EEB0-B930E89ECCE7}.Debug|Any CPU.Build.0 = Debug|Any CPU
		{F19C1AA3-C1EB-A0B4-EEB0-B930E89ECCE7}.Release|Any CPU.ActiveCfg = Release|Any CPU
		{F19C1AA3-C1EB-A0B4-EEB0-B930E89ECCE7}.Release|Any CPU.Build.0 = Release|Any CPU
		{21FB7D72-F96F-971F-7B46-CF91CD2D664C}.Debug|Any CPU.ActiveCfg = Debug|Any CPU
		{21FB7D72-F96F-971F-7B46-CF91CD2D664C}.Debug|Any CPU.Build.0 = Debug|Any CPU
		{21FB7D72-F96F-971F-7B46-CF91CD2D664C}.Release|Any CPU.ActiveCfg = Release|Any CPU
		{21FB7D72-F96F-971F-7B46-CF91CD2D664C}.Release|Any CPU.Build.0 = Release|Any CPU
		{D7410727-BAB7-903D-FA55-806FDBDE483A}.Debug|Any CPU.ActiveCfg = Debug|Any CPU
		{D7410727-BAB7-903D-FA55-806FDBDE483A}.Debug|Any CPU.Build.0 = Debug|Any CPU
		{D7410727-BAB7-903D-FA55-806FDBDE483A}.Release|Any CPU.ActiveCfg = Release|Any CPU
		{D7410727-BAB7-903D-FA55-806FDBDE483A}.Release|Any CPU.Build.0 = Release|Any CPU
	EndGlobalSection
	GlobalSection(SolutionProperties) = preSolution
		HideSolutionNode = FALSE
	EndGlobalSection
EndGlobal
